
Microsoft Visual Studio Solution File, Format Version 12.00
Project("{2150E333-8FDC-42A3-9474-1A3956D46DE8}") = "src", "src", "{9FAC8713-5DBC-4B31-9047-6F1D80361A1D}"
EndProject
Project("{FAE04EC0-301F-11D3-BF4B-00C04F79EFBC}") = "Blog.Domain", "Blog.Domain\Blog.Domain.csproj", "{728560BC-7CA2-43B3-99CF-0541DA3DD042}"
EndProject
Project("{FAE04EC0-301F-11D3-BF4B-00C04F79EFBC}") = "Blog.Infrastructure", "Blog.Infrastructure\Blog.Infrastructure.csproj", "{46179684-AA47-4D0B-AB55-043498F501E5}"
EndProject
Project("{FAE04EC0-301F-11D3-BF4B-00C04F79EFBC}") = "Blog.Application", "Blog.Application\Blog.Application.csproj", "{B6B059EB-A306-4AC8-885F-47B38945DF09}"
EndProject
Project("{FAE04EC0-301F-11D3-BF4B-00C04F79EFBC}") = "Blog.WebUI", "Blog.WebUI\Blog.WebUI.csproj", "{56318535-95D4-4675-8A77-E8633EC5F03C}"
EndProject
Global
	GlobalSection(SolutionConfigurationPlatforms) = preSolution
		Debug|Any CPU = Debug|Any CPU
		Release|Any CPU = Release|Any CPU
	EndGlobalSection
	GlobalSection(NestedProjects) = preSolution
		{728560BC-7CA2-43B3-99CF-0541DA3DD042} = {9FAC8713-5DBC-4B31-9047-6F1D80361A1D}
		{46179684-AA47-4D0B-AB55-043498F501E5} = {9FAC8713-5DBC-4B31-9047-6F1D80361A1D}
		{B6B059EB-A306-4AC8-885F-47B38945DF09} = {9FAC8713-5DBC-4B31-9047-6F1D80361A1D}
		{56318535-95D4-4675-8A77-E8633EC5F03C} = {9FAC8713-5DBC-4B31-9047-6F1D80361A1D}
	EndGlobalSection
	GlobalSection(ProjectConfigurationPlatforms) = postSolution
		{728560BC-7CA2-43B3-99CF-0541DA3DD042}.Debug|Any CPU.ActiveCfg = Debug|Any CPU
		{728560BC-7CA2-43B3-99CF-0541DA3DD042}.Debug|Any CPU.Build.0 = Debug|Any CPU
		{728560BC-7CA2-43B3-99CF-0541DA3DD042}.Release|Any CPU.ActiveCfg = Release|Any CPU
		{728560BC-7CA2-43B3-99CF-0541DA3DD042}.Release|Any CPU.Build.0 = Release|Any CPU
		{46179684-AA47-4D0B-AB55-043498F501E5}.Debug|Any CPU.ActiveCfg = Debug|Any CPU
		{46179684-AA47-4D0B-AB55-043498F501E5}.Debug|Any CPU.Build.0 = Debug|Any CPU
		{46179684-AA47-4D0B-AB55-043498F501E5}.Release|Any CPU.ActiveCfg = Release|Any CPU
		{46179684-AA47-4D0B-AB55-043498F501E5}.Release|Any CPU.Build.0 = Release|Any CPU
		{B6B059EB-A306-4AC8-885F-47B38945DF09}.Debug|Any CPU.ActiveCfg = Debug|Any CPU
		{B6B059EB-A306-4AC8-885F-47B38945DF09}.Debug|Any CPU.Build.0 = Debug|Any CPU
		{B6B059EB-A306-4AC8-885F-47B38945DF09}.Release|Any CPU.ActiveCfg = Release|Any CPU
		{B6B059EB-A306-4AC8-885F-47B38945DF09}.Release|Any CPU.Build.0 = Release|Any CPU
		{56318535-95D4-4675-8A77-E8633EC5F03C}.Debug|Any CPU.ActiveCfg = Debug|Any CPU
		{56318535-95D4-4675-8A77-E8633EC5F03C}.Debug|Any CPU.Build.0 = Debug|Any CPU
		{56318535-95D4-4675-8A77-E8633EC5F03C}.Release|Any CPU.ActiveCfg = Release|Any CPU
		{56318535-95D4-4675-8A77-E8633EC5F03C}.Release|Any CPU.Build.0 = Release|Any CPU
	EndGlobalSection
EndGlobal
